
Microsoft Visual Studio Solution File, Format Version 12.00
# Visual Studio 15
Project("{FAE04EC0-301F-11D3-BF4B-00C04F79EFBC}") = "Assembly-CSharp", "Assembly-CSharp.csproj", "{EBED3DA5-A4DB-4C23-B608-B6FD8CB9519C}"
EndProject
Global
	GlobalSection(SolutionConfigurationPlatforms) = preSolution
		Debug|Any CPU = Debug|Any CPU
		Release|Any CPU = Release|Any CPU
	EndGlobalSection
	GlobalSection(ProjectConfigurationPlatforms) = postSolution
		{EBED3DA5-A4DB-4C23-B608-B6FD8CB9519C}.Debug|Any CPU.ActiveCfg = Debug|Any CPU
		{EBED3DA5-A4DB-4C23-B608-B6FD8CB9519C}.Debug|Any CPU.Build.0 = Debug|Any CPU
		{EBED3DA5-A4DB-4C23-B608-B6FD8CB9519C}.Release|Any CPU.ActiveCfg = Release|Any CPU
		{EBED3DA5-A4DB-4C23-B608-B6FD8CB9519C}.Release|Any CPU.Build.0 = Release|Any CPU
	EndGlobalSection
	GlobalSection(SolutionProperties) = preSolution
		HideSolutionNode = FALSE
	EndGlobalSection
EndGlobal
